
Microsoft Visual Studio Solution File, Format Version 12.00
# Visual Studio Version 17
VisualStudioVersion = 17.4.33205.214
MinimumVisualStudioVersion = 10.0.40219.1
Project("{FAE04EC0-301F-11D3-BF4B-00C04F79EFBC}") = "PharmacyManagementSystemWEBAPI", "PharmacyManagementSystemWEBAPI\PharmacyManagementSystemWEBAPI.csproj", "{0DEE25BF-E2AD-45A6-85F9-F540821C865C}"
EndProject
Project("{FAE04EC0-301F-11D3-BF4B-00C04F79EFBC}") = "PharmacyManagementSystemWEBMVC", "PharmacyManagementSystemWEBMVC\PharmacyManagementSystemWEBMVC.csproj", "{EB597A4F-27A1-44C2-A3B6-663ECD830A38}"
EndProject
Global
	GlobalSection(SolutionConfigurationPlatforms) = preSolution
		Debug|Any CPU = Debug|Any CPU
		Release|Any CPU = Release|Any CPU
	EndGlobalSection
	GlobalSection(ProjectConfigurationPlatforms) = postSolution
		{0DEE25BF-E2AD-45A6-85F9-F540821C865C}.Debug|Any CPU.ActiveCfg = Debug|Any CPU
		{0DEE25BF-E2AD-45A6-85F9-F540821C865C}.Debug|Any CPU.Build.0 = Debug|Any CPU
		{0DEE25BF-E2AD-45A6-85F9-F540821C865C}.Release|Any CPU.ActiveCfg = Release|Any CPU
		{0DEE25BF-E2AD-45A6-85F9-F540821C865C}.Release|Any CPU.Build.0 = Release|Any CPU
		{EB597A4F-27A1-44C2-A3B6-663ECD830A38}.Debug|Any CPU.ActiveCfg = Debug|Any CPU
		{EB597A4F-27A1-44C2-A3B6-663ECD830A38}.Debug|Any CPU.Build.0 = Debug|Any CPU
		{EB597A4F-27A1-44C2-A3B6-663ECD830A38}.Release|Any CPU.ActiveCfg = Release|Any CPU
		{EB597A4F-27A1-44C2-A3B6-663ECD830A38}.Release|Any CPU.Build.0 = Release|Any CPU
	EndGlobalSection
	GlobalSection(SolutionProperties) = preSolution
		HideSolutionNode = FALSE
	EndGlobalSection
	GlobalSection(ExtensibilityGlobals) = postSolution
		SolutionGuid = {5F6877BE-CE3A-46CA-878F-45F47043ABDF}
	EndGlobalSection
EndGlobal
